
Microsoft Visual Studio Solution File, Format Version 12.00
# Visual Studio 15
VisualStudioVersion = 15.0.27703.2047
MinimumVisualStudioVersion = 10.0.40219.1
Project("{8BC9CEB8-8B4A-11D0-8D11-00A0C91BC942}") = "C2 Assignment 2 Class Construction", "C2 Assignment 2 Class Construction\C2 Assignment 2 Class Construction.vcxproj", "{B477BA11-5D80-4DCD-8010-4C52CD7DD1F7}"
EndProject
Global
	GlobalSection(SolutionConfigurationPlatforms) = preSolution
		Debug|x64 = Debug|x64
		Debug|x86 = Debug|x86
		Release|x64 = Release|x64
		Release|x86 = Release|x86
	EndGlobalSection
	GlobalSection(ProjectConfigurationPlatforms) = postSolution
		{B477BA11-5D80-4DCD-8010-4C52CD7DD1F7}.Debug|x64.ActiveCfg = Debug|x64
		{B477BA11-5D80-4DCD-8010-4C52CD7DD1F7}.Debug|x64.Build.0 = Debug|x64
		{B477BA11-5D80-4DCD-8010-4C52CD7DD1F7}.Debug|x86.ActiveCfg = Debug|Win32
		{B477BA11-5D80-4DCD-8010-4C52CD7DD1F7}.Debug|x86.Build.0 = Debug|Win32
		{B477BA11-5D80-4DCD-8010-4C52CD7DD1F7}.Release|x64.ActiveCfg = Release|x64
		{B477BA11-5D80-4DCD-8010-4C52CD7DD1F7}.Release|x64.Build.0 = Release|x64
		{B477BA11-5D80-4DCD-8010-4C52CD7DD1F7}.Release|x86.ActiveCfg = Release|Win32
		{B477BA11-5D80-4DCD-8010-4C52CD7DD1F7}.Release|x86.Build.0 = Release|Win32
	EndGlobalSection
	GlobalSection(SolutionProperties) = preSolution
		HideSolutionNode = FALSE
	EndGlobalSection
	GlobalSection(ExtensibilityGlobals) = postSolution
		SolutionGuid = {2F68B97E-DE68-458C-89D2-592FF34FE37E}
	EndGlobalSection
EndGlobal
